
Microsoft Visual Studio Solution File, Format Version 12.00
# Visual Studio Version 17
VisualStudioVersion = 17.12.35707.178
MinimumVisualStudioVersion = 10.0.40219.1
Project("{FAE04EC0-301F-11D3-BF4B-00C04F79EFBC}") = "ElevaniPaymentGateway.Core", "src\ElevaniPaymentGateway.Core\ElevaniPaymentGateway.Core.csproj", "{444E9B5D-806A-4E93-BAE6-171C7C05EB47}"
EndProject
Project("{FAE04EC0-301F-11D3-BF4B-00C04F79EFBC}") = "ElevaniPaymentGateway.Infrastructure", "src\ElevaniPaymentGateway.Infrastructure\ElevaniPaymentGateway.Infrastructure.csproj", "{1D2423F0-6DDF-4C93-85F7-96F08DCC205E}"
EndProject
Project("{FAE04EC0-301F-11D3-BF4B-00C04F79EFBC}") = "ElevaniPaymentGateway.Persistence", "src\ElevaniPaymentGateway.Persistence\ElevaniPaymentGateway.Persistence.csproj", "{FD3B0D07-3B51-4B7B-AB91-DAD3A8C151C1}"
EndProject
Project("{FAE04EC0-301F-11D3-BF4B-00C04F79EFBC}") = "ElevaniPaymentGateway.API.Admin", "src\ElevaniPaymentGateway.API.Admin\ElevaniPaymentGateway.API.Admin.csproj", "{4E4371AF-0B18-45B5-8AB0-D6AF295050EA}"
EndProject
Project("{FAE04EC0-301F-11D3-BF4B-00C04F79EFBC}") = "ElevaniPaymentGateway.API.Transaction", "src\ElevaniPaymentGateway.API.Transaction\ElevaniPaymentGateway.API.Transaction.csproj", "{DF89B531-5107-419F-8CCE-625267C38165}"
EndProject
Project("{FAE04EC0-301F-11D3-BF4B-00C04F79EFBC}") = "ElevaniPaymentGateway.Worker.Gratip", "src\ElevaniPaymentGateway.Worker.Gratip\ElevaniPaymentGateway.Worker.Gratip.csproj", "{AE50CA0E-BD22-4DEB-AE78-E8982ABC288B}"
EndProject
Project("{FAE04EC0-301F-11D3-BF4B-00C04F79EFBC}") = "ElevaniPaymentGateway.Worker.PayAgency", "src\ElevaniPaymentGateway.Worker.PayAgency\ElevaniPaymentGateway.Worker.PayAgency.csproj", "{F78AB804-5C4D-46FF-AADE-CAB22AF09363}"
EndProject
Global
	GlobalSection(SolutionConfigurationPlatforms) = preSolution
		Debug|Any CPU = Debug|Any CPU
		Release|Any CPU = Release|Any CPU
	EndGlobalSection
	GlobalSection(ProjectConfigurationPlatforms) = postSolution
		{444E9B5D-806A-4E93-BAE6-171C7C05EB47}.Debug|Any CPU.ActiveCfg = Debug|Any CPU
		{444E9B5D-806A-4E93-BAE6-171C7C05EB47}.Debug|Any CPU.Build.0 = Debug|Any CPU
		{444E9B5D-806A-4E93-BAE6-171C7C05EB47}.Release|Any CPU.ActiveCfg = Release|Any CPU
		{444E9B5D-806A-4E93-BAE6-171C7C05EB47}.Release|Any CPU.Build.0 = Release|Any CPU
		{1D2423F0-6DDF-4C93-85F7-96F08DCC205E}.Debug|Any CPU.ActiveCfg = Debug|Any CPU
		{1D2423F0-6DDF-4C93-85F7-96F08DCC205E}.Debug|Any CPU.Build.0 = Debug|Any CPU
		{1D2423F0-6DDF-4C93-85F7-96F08DCC205E}.Release|Any CPU.ActiveCfg = Release|Any CPU
		{1D2423F0-6DDF-4C93-85F7-96F08DCC205E}.Release|Any CPU.Build.0 = Release|Any CPU
		{FD3B0D07-3B51-4B7B-AB91-DAD3A8C151C1}.Debug|Any CPU.ActiveCfg = Debug|Any CPU
		{FD3B0D07-3B51-4B7B-AB91-DAD3A8C151C1}.Debug|Any CPU.Build.0 = Debug|Any CPU
		{FD3B0D07-3B51-4B7B-AB91-DAD3A8C151C1}.Release|Any CPU.ActiveCfg = Release|Any CPU
		{FD3B0D07-3B51-4B7B-AB91-DAD3A8C151C1}.Release|Any CPU.Build.0 = Release|Any CPU
		{4E4371AF-0B18-45B5-8AB0-D6AF295050EA}.Debug|Any CPU.ActiveCfg = Debug|Any CPU
		{4E4371AF-0B18-45B5-8AB0-D6AF295050EA}.Debug|Any CPU.Build.0 = Debug|Any CPU
		{4E4371AF-0B18-45B5-8AB0-D6AF295050EA}.Release|Any CPU.ActiveCfg = Release|Any CPU
		{4E4371AF-0B18-45B5-8AB0-D6AF295050EA}.Release|Any CPU.Build.0 = Release|Any CPU
		{DF89B531-5107-419F-8CCE-625267C38165}.Debug|Any CPU.ActiveCfg = Debug|Any CPU
		{DF89B531-5107-419F-8CCE-625267C38165}.Debug|Any CPU.Build.0 = Debug|Any CPU
		{DF89B531-5107-419F-8CCE-625267C38165}.Release|Any CPU.ActiveCfg = Release|Any CPU
		{DF89B531-5107-419F-8CCE-625267C38165}.Release|Any CPU.Build.0 = Release|Any CPU
		{AE50CA0E-BD22-4DEB-AE78-E8982ABC288B}.Debug|Any CPU.ActiveCfg = Debug|Any CPU
		{AE50CA0E-BD22-4DEB-AE78-E8982ABC288B}.Debug|Any CPU.Build.0 = Debug|Any CPU
		{AE50CA0E-BD22-4DEB-AE78-E8982ABC288B}.Release|Any CPU.ActiveCfg = Release|Any CPU
		{AE50CA0E-BD22-4DEB-AE78-E8982ABC288B}.Release|Any CPU.Build.0 = Release|Any CPU
		{F78AB804-5C4D-46FF-AADE-CAB22AF09363}.Debug|Any CPU.ActiveCfg = Debug|Any CPU
		{F78AB804-5C4D-46FF-AADE-CAB22AF09363}.Debug|Any CPU.Build.0 = Debug|Any CPU
		{F78AB804-5C4D-46FF-AADE-CAB22AF09363}.Release|Any CPU.ActiveCfg = Release|Any CPU
		{F78AB804-5C4D-46FF-AADE-CAB22AF09363}.Release|Any CPU.Build.0 = Release|Any CPU
	EndGlobalSection
	GlobalSection(SolutionProperties) = preSolution
		HideSolutionNode = FALSE
	EndGlobalSection
EndGlobal
